
Microsoft Visual Studio Solution File, Format Version 12.00
# Visual Studio 15
VisualStudioVersion = 15.0.27703.2042
MinimumVisualStudioVersion = 10.0.40219.1
Project("{FAE04EC0-301F-11D3-BF4B-00C04F79EFBC}") = "DotNetCoreProject", "DotNetCoreProject\DotNetCoreProject.csproj", "{98090E0F-BBFD-41C2-9A9A-ACAC7E29CB6D}"
EndProject
Global
	GlobalSection(SolutionConfigurationPlatforms) = preSolution
		Debug|Any CPU = Debug|Any CPU
		Release|Any CPU = Release|Any CPU
	EndGlobalSection
	GlobalSection(ProjectConfigurationPlatforms) = postSolution
		{98090E0F-BBFD-41C2-9A9A-ACAC7E29CB6D}.Debug|Any CPU.ActiveCfg = Debug|Any CPU
		{98090E0F-BBFD-41C2-9A9A-ACAC7E29CB6D}.Debug|Any CPU.Build.0 = Debug|Any CPU
		{98090E0F-BBFD-41C2-9A9A-ACAC7E29CB6D}.Release|Any CPU.ActiveCfg = Release|Any CPU
		{98090E0F-BBFD-41C2-9A9A-ACAC7E29CB6D}.Release|Any CPU.Build.0 = Release|Any CPU
	EndGlobalSection
	GlobalSection(SolutionProperties) = preSolution
		HideSolutionNode = FALSE
	EndGlobalSection
	GlobalSection(ExtensibilityGlobals) = postSolution
		SolutionGuid = {5C9DC6E1-4E5B-45CA-B490-A549816FCB57}
	EndGlobalSection
EndGlobal
